
Microsoft Visual Studio Solution File, Format Version 12.00
# Visual Studio 14
VisualStudioVersion = 14.0.23107.0
MinimumVisualStudioVersion = 10.0.40219.1
Project("{FAE04EC0-301F-11D3-BF4B-00C04F79EFBC}") = "ProjectBueno-Engine", "ProjectBueno-Engine.csproj", "{15AAA616-2561-439D-9625-7F1EDC2FC24B}"
EndProject
Global
	GlobalSection(Performance) = preSolution
		HasPerformanceSessions = true
	EndGlobalSection
	GlobalSection(SolutionConfigurationPlatforms) = preSolution
		Debug|x86 = Debug|x86
		Release (Copy Deps)|x86 = Release (Copy Deps)|x86
		Release|x86 = Release|x86
	EndGlobalSection
	GlobalSection(ProjectConfigurationPlatforms) = postSolution
		{15AAA616-2561-439D-9625-7F1EDC2FC24B}.Debug|x86.ActiveCfg = Debug|x86
		{15AAA616-2561-439D-9625-7F1EDC2FC24B}.Debug|x86.Build.0 = Debug|x86
		{15AAA616-2561-439D-9625-7F1EDC2FC24B}.Release (Copy Deps)|x86.ActiveCfg = Release (Copy Deps)|x86
		{15AAA616-2561-439D-9625-7F1EDC2FC24B}.Release (Copy Deps)|x86.Build.0 = Release (Copy Deps)|x86
		{15AAA616-2561-439D-9625-7F1EDC2FC24B}.Release|x86.ActiveCfg = Release|x86
		{15AAA616-2561-439D-9625-7F1EDC2FC24B}.Release|x86.Build.0 = Release|x86
	EndGlobalSection
	GlobalSection(SolutionProperties) = preSolution
		HideSolutionNode = FALSE
	EndGlobalSection
EndGlobal
